
Microsoft Visual Studio Solution File, Format Version 12.00
# Visual Studio Version 16
VisualStudioVersion = 16.0.30907.101
MinimumVisualStudioVersion = 10.0.40219.1
Project("{9A19103F-16F7-4668-BE54-9A1E7A4F7556}") = "MojangAPI", "MojangAPI\MojangAPI.csproj", "{114DA037-BF34-4EBB-A7EC-BDE80E4CEC22}"
EndProject
Project("{FAE04EC0-301F-11D3-BF4B-00C04F79EFBC}") = "MojangAPISample", "MojangAPISample\MojangAPISample.csproj", "{060EADA1-4770-4933-9EF5-C887E2FE3B79}"
EndProject
Global
	GlobalSection(SolutionConfigurationPlatforms) = preSolution
		Debug|Any CPU = Debug|Any CPU
		Release|Any CPU = Release|Any CPU
	EndGlobalSection
	GlobalSection(ProjectConfigurationPlatforms) = postSolution
		{114DA037-BF34-4EBB-A7EC-BDE80E4CEC22}.Debug|Any CPU.ActiveCfg = Debug|Any CPU
		{114DA037-BF34-4EBB-A7EC-BDE80E4CEC22}.Debug|Any CPU.Build.0 = Debug|Any CPU
		{114DA037-BF34-4EBB-A7EC-BDE80E4CEC22}.Release|Any CPU.ActiveCfg = Release|Any CPU
		{114DA037-BF34-4EBB-A7EC-BDE80E4CEC22}.Release|Any CPU.Build.0 = Release|Any CPU
		{060EADA1-4770-4933-9EF5-C887E2FE3B79}.Debug|Any CPU.ActiveCfg = Debug|Any CPU
		{060EADA1-4770-4933-9EF5-C887E2FE3B79}.Debug|Any CPU.Build.0 = Debug|Any CPU
		{060EADA1-4770-4933-9EF5-C887E2FE3B79}.Release|Any CPU.ActiveCfg = Release|Any CPU
		{060EADA1-4770-4933-9EF5-C887E2FE3B79}.Release|Any CPU.Build.0 = Release|Any CPU
	EndGlobalSection
	GlobalSection(SolutionProperties) = preSolution
		HideSolutionNode = FALSE
	EndGlobalSection
	GlobalSection(ExtensibilityGlobals) = postSolution
		SolutionGuid = {ADA839A1-7189-45A5-B1A4-C709BCEC4371}
	EndGlobalSection
EndGlobal
